// !$*UTF8*$!
{
	archiveVersion = 1;
	classes = {
	};
	objectVersion = 50;
	objects = {

/* Begin PBXBuildFile section */
		C423CECA26769D370052A0E2 /* TimerSwiftUIApp.swift in Sources */ = {isa = PBXBuildFile; fileRef = C423CEC926769D370052A0E2 /* TimerSwiftUIApp.swift */; };
		C423CECC26769D370052A0E2 /* ContentView.swift in Sources */ = {isa = PBXBuildFile; fileRef = C423CECB26769D370052A0E2 /* ContentView.swift */; };
		C423CECE26769D380052A0E2 /* Assets.xcassets in Resources */ = {isa = PBXBuildFile; fileRef = C423CECD26769D380052A0E2 /* Assets.xcassets */; };
		C423CED126769D380052A0E2 /* Preview Assets.xcassets in Resources */ = {isa = PBXBuildFile; fileRef = C423CED026769D380052A0E2 /* Preview Assets.xcassets */; };
		C423CED92676A2C00052A0E2 /* TimeCounter.swift in Sources */ = {isa = PBXBuildFile; fileRef = C423CED82676A2C00052A0E2 /* TimeCounter.swift */; };
		C423CEDB2676A90D0052A0E2 /* RegisterView.swift in Sources */ = {isa = PBXBuildFile; fileRef = C423CEDA2676A90D0052A0E2 /* RegisterView.swift */; };
		C423CEDD2676AA180052A0E2 /* UserManager.swift in Sources */ = {isa = PBXBuildFile; fileRef = C423CEDC2676AA180052A0E2 /* UserManager.swift */; };
		C423CEE12676ABC40052A0E2 /* StarterView.swift in Sources */ = {isa = PBXBuildFile; fileRef = C423CEE02676ABC40052A0E2 /* StarterView.swift */; };
/* End PBXBuildFile section */

/* Begin PBXFileReference section */
		C423CEC626769D370052A0E2 /* TimerSwiftUI.app */ = {isa = PBXFileReference; explicitFileType = wrapper.application; includeInIndex = 0; path = TimerSwiftUI.app; sourceTree = BUILT_PRODUCTS_DIR; };
		C423CEC926769D370052A0E2 /* TimerSwiftUIApp.swift */ = {isa = PBXFileReference; lastKnownFileType = sourcecode.swift; path = TimerSwiftUIApp.swift; sourceTree = "<group>"; };
		C423CECB26769D370052A0E2 /* ContentView.swift */ = {isa = PBXFileReference; lastKnownFileType = sourcecode.swift; path = ContentView.swift; sourceTree = "<group>"; };
		C423CECD26769D380052A0E2 /* Assets.xcassets */ = {isa = PBXFileReference; lastKnownFileType = folder.assetcatalog; path = Assets.xcassets; sourceTree = "<group>"; };
		C423CED026769D380052A0E2 /* Preview Assets.xcassets */ = {isa = PBXFileReference; lastKnownFileType = folder.assetcatalog; path = "Preview Assets.xcassets"; sourceTree = "<group>"; };
		C423CED226769D380052A0E2 /* Info.plist */ = {isa = PBXFileReference; lastKnownFileType = text.plist.xml; path = Info.plist; sourceTree = "<group>"; };
		C423CED82676A2C00052A0E2 /* TimeCounter.swift */ = {isa = PBXFileReference; lastKnownFileType = sourcecode.swift; path = TimeCounter.swift; sourceTree = "<group>"; };
		C423CEDA2676A90D0052A0E2 /* RegisterView.swift */ = {isa = PBXFileReference; lastKnownFileType = sourcecode.swift; path = RegisterView.swift; sourceTree = "<group>"; };
		C423CEDC2676AA180052A0E2 /* UserManager.swift */ = {isa = PBXFileReference; lastKnownFileType = sourcecode.swift; path = UserManager.swift; sourceTree = "<group>"; };
		C423CEE02676ABC40052A0E2 /* StarterView.swift */ = {isa = PBXFileReference; lastKnownFileType = sourcecode.swift; path = StarterView.swift; sourceTree = "<group>"; };
/* End PBXFileReference section */

/* Begin PBXFrameworksBuildPhase section */
		C423CEC326769D370052A0E2 /* Frameworks */ = {
			isa = PBXFrameworksBuildPhase;
			buildActionMask = 2147483647;
			files = (
			);
			runOnlyForDeploymentPostprocessing = 0;
		};
/* End PBXFrameworksBuildPhase section */

/* Begin PBXGroup section */
		C423CEBD26769D370052A0E2 = {
			isa = PBXGroup;
			children = (
				C423CEC826769D370052A0E2 /* TimerSwiftUI */,
				C423CEC726769D370052A0E2 /* Products */,
			);
			sourceTree = "<group>";
		};
		C423CEC726769D370052A0E2 /* Products */ = {
			isa = PBXGroup;
			children = (
				C423CEC626769D370052A0E2 /* TimerSwiftUI.app */,
			);
			name = Products;
			sourceTree = "<group>";
		};
		C423CEC826769D370052A0E2 /* TimerSwiftUI */ = {
			isa = PBXGroup;
			children = (
				C423CEC926769D370052A0E2 /* TimerSwiftUIApp.swift */,
				C423CECB26769D370052A0E2 /* ContentView.swift */,
				C423CED82676A2C00052A0E2 /* TimeCounter.swift */,
				C423CEE02676ABC40052A0E2 /* StarterView.swift */,
				C423CEDA2676A90D0052A0E2 /* RegisterView.swift */,
				C423CEDC2676AA180052A0E2 /* UserManager.swift */,
				C423CECD26769D380052A0E2 /* Assets.xcassets */,
				C423CED226769D380052A0E2 /* Info.plist */,
				C423CECF26769D380052A0E2 /* Preview Content */,
			);
			path = TimerSwiftUI;
			sourceTree = "<group>";
		};
		C423CECF26769D380052A0E2 /* Preview Content */ = {
			isa = PBXGroup;
			children = (
				C423CED026769D380052A0E2 /* Preview Assets.xcassets */,
			);
			path = "Preview Content";
			sourceTree = "<group>";
		};
/* End PBXGroup section */

/* Begin PBXNativeTarget section */
		C423CEC526769D370052A0E2 /* TimerSwiftUI */ = {
			isa = PBXNativeTarget;
			buildConfigurationList = C423CED526769D380052A0E2 /* Build configuration list for PBXNativeTarget "TimerSwiftUI" */;
			buildPhases = (
				C423CEC226769D370052A0E2 /* Sources */,
				C423CEC326769D370052A0E2 /* Frameworks */,
				C423CEC426769D370052A0E2 /* Resources */,
			);
			buildRules = (
			);
			dependencies = (
			);
			name = TimerSwiftUI;
			productName = TimerSwiftUI;
			productReference = C423CEC626769D370052A0E2 /* TimerSwiftUI.app */;
			productType = "com.apple.product-type.application";
		};
/* End PBXNativeTarget section */

/* Begin PBXProject section */
		C423CEBE26769D370052A0E2 /* Project object */ = {
			isa = PBXProject;
			attributes = {
				LastSwiftUpdateCheck = 1250;
				LastUpgradeCheck = 1250;
				TargetAttributes = {
					C423CEC526769D370052A0E2 = {
						CreatedOnToolsVersion = 12.5;
					};
				};
			};
			buildConfigurationList = C423CEC126769D370052A0E2 /* Build configuration list for PBXProject "TimerSwiftUI" */;
			compatibilityVersion = "Xcode 9.3";
			developmentRegion = en;
			hasScannedForEncodings = 0;
			knownRegions = (
				en,
				Base,
			);
			mainGroup = C423CEBD26769D370052A0E2;
			productRefGroup = C423CEC726769D370052A0E2 /* Products */;
			projectDirPath = "";
			projectRoot = "";
			targets = (
				C423CEC526769D370052A0E2 /* TimerSwiftUI */,
			);
		};
/* End PBXProject section */

/* Begin PBXResourcesBuildPhase section */
		C423CEC426769D370052A0E2 /* Resources */ = {
			isa = PBXResourcesBuildPhase;
			buildActionMask = 2147483647;
			files = (
				C423CED126769D380052A0E2 /* Preview Assets.xcassets in Resources */,
				C423CECE26769D380052A0E2 /* Assets.xcassets in Resources */,
			);
			runOnlyForDeploymentPostprocessing = 0;
		};
/* End PBXResourcesBuildPhase section */

/* Begin PBXSourcesBuildPhase section */
		C423CEC226769D370052A0E2 /* Sources */ = {
			isa = PBXSourcesBuildPhase;
			buildActionMask = 2147483647;
			files = (
				C423CEDB2676A90D0052A0E2 /* RegisterView.swift in Sources */,
				C423CED92676A2C00052A0E2 /* TimeCounter.swift in Sources */,
				C423CEE12676ABC40052A0E2 /* StarterView.swift in Sources */,
				C423CECC26769D370052A0E2 /* ContentView.swift in Sources */,
				C423CEDD2676AA180052A0E2 /* UserManager.swift in Sources */,
				C423CECA26769D370052A0E2 /* TimerSwiftUIApp.swift in Sources */,
			);
			runOnlyForDeploymentPostprocessing = 0;
		};
/* End PBXSourcesBuildPhase section */

/* Begin XCBuildConfiguration section */
		C423CED326769D380052A0E2 /* Debug */ = {
			isa = XCBuildConfiguration;
			buildSettings = {
				ALWAYS_SEARCH_USER_PATHS = NO;
				CLANG_ANALYZER_NONNULL = YES;
				CLANG_ANALYZER_NUMBER_OBJECT_CONVERSION = YES_AGGRESSIVE;
				CLANG_CXX_LANGUAGE_STANDARD = "gnu++14";
				CLANG_CXX_LIBRARY = "libc++";
				CLANG_ENABLE_MODULES = YES;
				CLANG_ENABLE_OBJC_ARC = YES;
				CLANG_ENABLE_OBJC_WEAK = YES;
				CLANG_WARN_BLOCK_CAPTURE_AUTORELEASING = YES;
				CLANG_WARN_BOOL_CONVERSION = YES;
				CLANG_WARN_COMMA = YES;
				CLANG_WARN_CONSTANT_CONVERSION = YES;
				CLANG_WARN_DEPRECATED_OBJC_IMPLEMENTATIONS = YES;
				CLANG_WARN_DIRECT_OBJC_ISA_USAGE = YES_ERROR;
				CLANG_WARN_DOCUMENTATION_COMMENTS = YES;
				CLANG_WARN_EMPTY_BODY = YES;
				CLANG_WARN_ENUM_CONVERSION = YES;
				CLANG_WARN_INFINITE_RECURSION = YES;
				CLANG_WARN_INT_CONVERSION = YES;
				CLANG_WARN_NON_LITERAL_NULL_CONVERSION = YES;
				CLANG_WARN_OBJC_IMPLICIT_RETAIN_SELF = YES;
				CLANG_WARN_OBJC_LITERAL_CONVERSION = YES;
				CLANG_WARN_OBJC_ROOT_CLASS = YES_ERROR;
				CLANG_WARN_QUOTED_INCLUDE_IN_FRAMEWORK_HEADER = YES;
				CLANG_WARN_RANGE_LOOP_ANALYSIS = YES;
				CLANG_WARN_STRICT_PROTOTYPES = YES;
				CLANG_WARN_SUSPICIOUS_MOVE = YES;
				CLANG_WARN_UNGUARDED_AVAILABILITY = YES_AGGRESSIVE;
				CLANG_WARN_UNREACHABLE_CODE = YES;
				CLANG_WARN__DUPLICATE_METHOD_MATCH = YES;
				COPY_PHASE_STRIP = NO;
				DEBUG_INFORMATION_FORMAT = dwarf;
				ENABLE_STRICT_OBJC_MSGSEND = YES;
				ENABLE_TESTABILITY = YES;
				GCC_C_LANGUAGE_STANDARD = gnu11;
				GCC_DYNAMIC_NO_PIC = NO;
				GCC_NO_COMMON_BLOCKS = YES;
				GCC_OPTIMIZATION_LEVEL = 0;
				GCC_PREPROCESSOR_DEFINITIONS = (
					"DEBUG=1",
					"$(inherited)",
				);
				GCC_WARN_64_TO_32_BIT_CONVERSION = YES;
				GCC_WARN_ABOUT_RETURN_TYPE = YES_ERROR;
				GCC_WARN_UNDECLARED_SELECTOR = YES;
				GCC_WARN_UNINITIALIZED_AUTOS = YES_AGGRESSIVE;
				GCC_WARN_UNUSED_FUNCTION = YES;
				GCC_WARN_UNUSED_VARIABLE = YES;
				IPHONEOS_DEPLOYMENT_TARGET = 14.5;
				MTL_ENABLE_DEBUG_INFO = INCLUDE_SOURCE;
				MTL_FAST_MATH = YES;
				ONLY_ACTIVE_ARCH = YES;
				SDKROOT = iphoneos;
				SWIFT_ACTIVE_COMPILATION_CONDITIONS = DEBUG;
				SWIFT_OPTIMIZATION_LEVEL = "-Onone";
			};
			name = Debug;
		};
		C423CED426769D380052A0E2 /* Release */ = {
			isa = XCBuildConfiguration;
			buildSettings = {
				ALWAYS_SEARCH_USER_PATHS = NO;
				CLANG_ANALYZER_NONNULL = YES;
				CLANG_ANALYZER_NUMBER_OBJECT_CONVERSION = YES_AGGRESSIVE;
				CLANG_CXX_LANGUAGE_STANDARD = "gnu++14";
				CLANG_CXX_LIBRARY = "libc++";
				CLANG_ENABLE_MODULES = YES;
				CLANG_ENABLE_OBJC_ARC = YES;
				CLANG_ENABLE_OBJC_WEAK = YES;
				CLANG_WARN_BLOCK_CAPTURE_AUTORELEASING = YES;
				CLANG_WARN_BOOL_CONVERSION = YES;
				CLANG_WARN_COMMA = YES;
				CLANG_WARN_CONSTANT_CONVERSION = YES;
				CLANG_WARN_DEPRECATED_OBJC_IMPLEMENTATIONS = YES;
				CLANG_WARN_DIRECT_OBJC_ISA_USAGE = YES_ERROR;
				CLANG_WARN_DOCUMENTATION_COMMENTS = YES;
				CLANG_WARN_EMPTY_BODY = YES;
				CLANG_WARN_ENUM_CONVERSION = YES;
				CLANG_WARN_INFINITE_RECURSION = YES;
				CLANG_WARN_INT_CONVERSION = YES;
				CLANG_WARN_NON_LITERAL_NULL_CONVERSION = YES;
				CLANG_WARN_OBJC_IMPLICIT_RETAIN_SELF = YES;
				CLANG_WARN_OBJC_LITERAL_CONVERSION = YES;
				CLANG_WARN_OBJC_ROOT_CLASS = YES_ERROR;
				CLANG_WARN_QUOTED_INCLUDE_IN_FRAMEWORK_HEADER = YES;
				CLANG_WARN_RANGE_LOOP_ANALYSIS = YES;
				CLANG_WARN_STRICT_PROTOTYPES = YES;
				CLANG_WARN_SUSPICIOUS_MOVE = YES;
				CLANG_WARN_UNGUARDED_AVAILABILITY = YES_AGGRESSIVE;
				CLANG_WARN_UNREACHABLE_CODE = YES;
				CLANG_WARN__DUPLICATE_METHOD_MATCH = YES;
				COPY_PHASE_STRIP = NO;
				DEBUG_INFORMATION_FORMAT = "dwarf-with-dsym";
				ENABLE_NS_ASSERTIONS = NO;
				ENABLE_STRICT_OBJC_MSGSEND = YES;
				GCC_C_LANGUAGE_STANDARD = gnu11;
				GCC_NO_COMMON_BLOCKS = YES;
				GCC_WARN_64_TO_32_BIT_CONVERSION = YES;
				GCC_WARN_ABOUT_RETURN_TYPE = YES_ERROR;
				GCC_WARN_UNDECLARED_SELECTOR = YES;
				GCC_WARN_UNINITIALIZED_AUTOS = YES_AGGRESSIVE;
				GCC_WARN_UNUSED_FUNCTION = YES;
				GCC_WARN_UNUSED_VARIABLE = YES;
				IPHONEOS_DEPLOYMENT_TARGET = 14.5;
				MTL_ENABLE_DEBUG_INFO = NO;
				MTL_FAST_MATH = YES;
				SDKROOT = iphoneos;
				SWIFT_COMPILATION_MODE = wholemodule;
				SWIFT_OPTIMIZATION_LEVEL = "-O";
				VALIDATE_PRODUCT = YES;
			};
			name = Release;
		};
		C423CED626769D380052A0E2 /* Debug */ = {
			isa = XCBuildConfiguration;
			buildSettings = {
				ASSETCATALOG_COMPILER_APPICON_NAME = AppIcon;
				ASSETCATALOG_COMPILER_GLOBAL_ACCENT_COLOR_NAME = AccentColor;
				CODE_SIGN_STYLE = Automatic;
				DEVELOPMENT_ASSET_PATHS = "\"TimerSwiftUI/Preview Content\"";
				DEVELOPMENT_TEAM = MF2X2E877U;
				ENABLE_PREVIEWS = YES;
				INFOPLIST_FILE = TimerSwiftUI/Info.plist;
				IPHONEOS_DEPLOYMENT_TARGET = 14.0;
				LD_RUNPATH_SEARCH_PATHS = (
					"$(inherited)",
					"@executable_path/Frameworks",
				);
				PRODUCT_BUNDLE_IDENTIFIER = "ru.yura-chekalyuk.TrafficLightOnSwiftUI.TimerSwiftUI";
				PRODUCT_NAME = "$(TARGET_NAME)";
				SWIFT_VERSION = 5.0;
				TARGETED_DEVICE_FAMILY = "1,2";
			};
			name = Debug;
		};
		C423CED726769D380052A0E2 /* Release */ = {
			isa = XCBuildConfiguration;
			buildSettings = {
				ASSETCATALOG_COMPILER_APPICON_NAME = AppIcon;
				ASSETCATALOG_COMPILER_GLOBAL_ACCENT_COLOR_NAME = AccentColor;
				CODE_SIGN_STYLE = Automatic;
				DEVELOPMENT_ASSET_PATHS = "\"TimerSwiftUI/Preview Content\"";
				DEVELOPMENT_TEAM = MF2X2E877U;
				ENABLE_PREVIEWS = YES;
				INFOPLIST_FILE = TimerSwiftUI/Info.plist;
				IPHONEOS_DEPLOYMENT_TARGET = 14.0;
				LD_RUNPATH_SEARCH_PATHS = (
					"$(inherited)",
					"@executable_path/Frameworks",
				);
				PRODUCT_BUNDLE_IDENTIFIER = "ru.yura-chekalyuk.TrafficLightOnSwiftUI.TimerSwiftUI";
				PRODUCT_NAME = "$(TARGET_NAME)";
				SWIFT_VERSION = 5.0;
				TARGETED_DEVICE_FAMILY = "1,2";
			};
			name = Release;
		};
/* End XCBuildConfiguration section */

/* Begin XCConfigurationList section */
		C423CEC126769D370052A0E2 /* Build configuration list for PBXProject "TimerSwiftUI" */ = {
			isa = XCConfigurationList;
			buildConfigurations = (
				C423CED326769D380052A0E2 /* Debug */,
				C423CED426769D380052A0E2 /* Release */,
			);
			defaultConfigurationIsVisible = 0;
			defaultConfigurationName = Release;
		};
		C423CED526769D380052A0E2 /* Build configuration list for PBXNativeTarget "TimerSwiftUI" */ = {
			isa = XCConfigurationList;
			buildConfigurations = (
				C423CED626769D380052A0E2 /* Debug */,
				C423CED726769D380052A0E2 /* Release */,
			);
			defaultConfigurationIsVisible = 0;
			defaultConfigurationName = Release;
		};
/* End XCConfigurationList section */
	};
	rootObject = C423CEBE26769D370052A0E2 /* Project object */;
}
